
Microsoft Visual Studio Solution File, Format Version 12.00
# Visual Studio Version 17
VisualStudioVersion = 17.14.36414.22 d17.14
MinimumVisualStudioVersion = 10.0.40219.1
Project("{FAE04EC0-301F-11D3-BF4B-00C04F79EFBC}") = "FarmProfit.API", "FarmProfit.API\FarmProfit.API.csproj", "{FB81691A-9868-4867-931D-880CC6EC9CB0}"
EndProject
Global
	GlobalSection(SolutionConfigurationPlatforms) = preSolution
		Debug|Any CPU = Debug|Any CPU
		Release|Any CPU = Release|Any CPU
	EndGlobalSection
	GlobalSection(ProjectConfigurationPlatforms) = postSolution
		{FB81691A-9868-4867-931D-880CC6EC9CB0}.Debug|Any CPU.ActiveCfg = Debug|Any CPU
		{FB81691A-9868-4867-931D-880CC6EC9CB0}.Debug|Any CPU.Build.0 = Debug|Any CPU
		{FB81691A-9868-4867-931D-880CC6EC9CB0}.Release|Any CPU.ActiveCfg = Release|Any CPU
		{FB81691A-9868-4867-931D-880CC6EC9CB0}.Release|Any CPU.Build.0 = Release|Any CPU
	EndGlobalSection
	GlobalSection(SolutionProperties) = preSolution
		HideSolutionNode = FALSE
	EndGlobalSection
	GlobalSection(ExtensibilityGlobals) = postSolution
		SolutionGuid = {93742941-0E58-48D4-857B-3C0F648B26D2}
	EndGlobalSection
EndGlobal
